
Microsoft Visual Studio Solution File, Format Version 12.00
# Visual Studio Version 16
VisualStudioVersion = 16.0.29519.181
MinimumVisualStudioVersion = 10.0.40219.1
Project("{9A19103F-16F7-4668-BE54-9A1E7A4F7556}") = "BPeliculas", "BPeliculas\BPeliculas.csproj", "{53ECC043-60B4-438B-BB5F-A6376FE34566}"
EndProject
Global
	GlobalSection(SolutionConfigurationPlatforms) = preSolution
		Debug|Any CPU = Debug|Any CPU
		Release|Any CPU = Release|Any CPU
	EndGlobalSection
	GlobalSection(ProjectConfigurationPlatforms) = postSolution
		{53ECC043-60B4-438B-BB5F-A6376FE34566}.Debug|Any CPU.ActiveCfg = Debug|Any CPU
		{53ECC043-60B4-438B-BB5F-A6376FE34566}.Debug|Any CPU.Build.0 = Debug|Any CPU
		{53ECC043-60B4-438B-BB5F-A6376FE34566}.Release|Any CPU.ActiveCfg = Release|Any CPU
		{53ECC043-60B4-438B-BB5F-A6376FE34566}.Release|Any CPU.Build.0 = Release|Any CPU
	EndGlobalSection
	GlobalSection(SolutionProperties) = preSolution
		HideSolutionNode = FALSE
	EndGlobalSection
	GlobalSection(ExtensibilityGlobals) = postSolution
		SolutionGuid = {F7526522-276C-4022-8422-35A19936AEAB}
	EndGlobalSection
EndGlobal
